<Solution>
  <Configurations>
    <Platform Name="Any CPU" />
    <Platform Name="x86" />
  </Configurations>
  <Folder Name="/Solution Items/">
    <File Path="CHANGELOG.txt" />
    <File Path="Inno Setup Script.iss" />
    <File Path="LICENSE" />
    <File Path="README.md" />
    <File Path="TODO.md" />
    <File Path="VERSION" />
  </Folder>
  <Project Path="BsaBrowserCli/BsaBrowserCli.csproj" />
  <Project Path="BsaLib/BsaLib.csproj" />
</Solution>
